
Microsoft Visual Studio Solution File, Format Version 12.00
# Visual Studio Version 16
VisualStudioVersion = 16.0.30330.147
MinimumVisualStudioVersion = 10.0.40219.1
Project("{8BC9CEB8-8B4A-11D0-8D11-00A0C91BC942}") = "cryptopp_wrapper", "cryptopp_wrapper\cryptopp_wrapper.vcxproj", "{CCF94EE0-245B-4B9A-A162-82C081334F70}"
EndProject
Global
	GlobalSection(SolutionConfigurationPlatforms) = preSolution
		Debug|x86 = Debug|x86
		Release|x86 = Release|x86
	EndGlobalSection
	GlobalSection(ProjectConfigurationPlatforms) = postSolution
		{CCF94EE0-245B-4B9A-A162-82C081334F70}.Debug|x86.ActiveCfg = Debug|Win32
		{CCF94EE0-245B-4B9A-A162-82C081334F70}.Debug|x86.Build.0 = Debug|Win32
		{CCF94EE0-245B-4B9A-A162-82C081334F70}.Release|x86.ActiveCfg = Release|Win32
		{CCF94EE0-245B-4B9A-A162-82C081334F70}.Release|x86.Build.0 = Release|Win32
	EndGlobalSection
	GlobalSection(SolutionProperties) = preSolution
		HideSolutionNode = FALSE
	EndGlobalSection
	GlobalSection(ExtensibilityGlobals) = postSolution
		SolutionGuid = {C598168C-3533-4A3D-9EF8-018B842E03D4}
	EndGlobalSection
EndGlobal
